
Microsoft Visual Studio Solution File, Format Version 12.00
# Visual Studio Version 16
VisualStudioVersion = 16.0.34031.81
MinimumVisualStudioVersion = 10.0.40219.1
Project("{FAE04EC0-301F-11D3-BF4B-00C04F79EFBC}") = "MnS", "MnS.csproj", "{98AC93EB-E4E0-480E-B0CF-8593285B667A}"
EndProject
Global
	GlobalSection(SolutionConfigurationPlatforms) = preSolution
		Debug|Any CPU = Debug|Any CPU
		Release|Any CPU = Release|Any CPU
	EndGlobalSection
	GlobalSection(ProjectConfigurationPlatforms) = postSolution
		{98AC93EB-E4E0-480E-B0CF-8593285B667A}.Debug|Any CPU.ActiveCfg = Debug|Any CPU
		{98AC93EB-E4E0-480E-B0CF-8593285B667A}.Debug|Any CPU.Build.0 = Debug|Any CPU
		{98AC93EB-E4E0-480E-B0CF-8593285B667A}.Release|Any CPU.ActiveCfg = Release|Any CPU
		{98AC93EB-E4E0-480E-B0CF-8593285B667A}.Release|Any CPU.Build.0 = Release|Any CPU
	EndGlobalSection
	GlobalSection(SolutionProperties) = preSolution
		HideSolutionNode = FALSE
	EndGlobalSection
	GlobalSection(ExtensibilityGlobals) = postSolution
		SolutionGuid = {13DB3ED1-538C-4AFB-85CC-E98F82FFB0FD}
	EndGlobalSection
EndGlobal
